
Microsoft Visual Studio Solution File, Format Version 12.00
# Visual Studio Version 17
VisualStudioVersion = 17.8.34511.84
MinimumVisualStudioVersion = 10.0.40219.1
Project("{FAE04EC0-301F-11D3-BF4B-00C04F79EFBC}") = "Taller de git", "Taller de git.csproj", "{2F6687E4-EF62-4DF1-897B-C48C39ECE7BA}"
EndProject
Global
	GlobalSection(SolutionConfigurationPlatforms) = preSolution
		Debug|Any CPU = Debug|Any CPU
		Release|Any CPU = Release|Any CPU
	EndGlobalSection
	GlobalSection(ProjectConfigurationPlatforms) = postSolution
		{2F6687E4-EF62-4DF1-897B-C48C39ECE7BA}.Debug|Any CPU.ActiveCfg = Debug|Any CPU
		{2F6687E4-EF62-4DF1-897B-C48C39ECE7BA}.Debug|Any CPU.Build.0 = Debug|Any CPU
		{2F6687E4-EF62-4DF1-897B-C48C39ECE7BA}.Release|Any CPU.ActiveCfg = Release|Any CPU
		{2F6687E4-EF62-4DF1-897B-C48C39ECE7BA}.Release|Any CPU.Build.0 = Release|Any CPU
	EndGlobalSection
	GlobalSection(SolutionProperties) = preSolution
		HideSolutionNode = FALSE
	EndGlobalSection
	GlobalSection(ExtensibilityGlobals) = postSolution
		SolutionGuid = {809A0BA5-A9B1-45E5-94AA-34B5C54B8F48}
	EndGlobalSection
EndGlobal
